
Microsoft Visual Studio Solution File, Format Version 12.00
# Visual Studio 2013
VisualStudioVersion = 12.0.21005.1
MinimumVisualStudioVersion = 10.0.40219.1
Project("{FAE04EC0-301F-11D3-BF4B-00C04F79EFBC}") = "SpaceInvaders", "SpaceInvaders\SpaceInvaders.csproj", "{E1D59365-E5DB-4C34-BC62-1A51C08FCDF8}"
EndProject
Global
	GlobalSection(SolutionConfigurationPlatforms) = preSolution
		Debug|Any CPU = Debug|Any CPU
		Release|Any CPU = Release|Any CPU
	EndGlobalSection
	GlobalSection(ProjectConfigurationPlatforms) = postSolution
		{E1D59365-E5DB-4C34-BC62-1A51C08FCDF8}.Debug|Any CPU.ActiveCfg = Debug|Any CPU
		{E1D59365-E5DB-4C34-BC62-1A51C08FCDF8}.Debug|Any CPU.Build.0 = Debug|Any CPU
		{E1D59365-E5DB-4C34-BC62-1A51C08FCDF8}.Release|Any CPU.ActiveCfg = Release|Any CPU
		{E1D59365-E5DB-4C34-BC62-1A51C08FCDF8}.Release|Any CPU.Build.0 = Release|Any CPU
	EndGlobalSection
	GlobalSection(SolutionProperties) = preSolution
		HideSolutionNode = FALSE
	EndGlobalSection
EndGlobal
